
Microsoft Visual Studio Solution File, Format Version 12.00
# Visual Studio Version 16
VisualStudioVersion = 16.0.28917.181
MinimumVisualStudioVersion = 10.0.40219.1
Project("{FAE04EC0-301F-11D3-BF4B-00C04F79EFBC}") = "UCImageCombo", "UCImageCombo\UCImageCombo.csproj", "{7ABEBDA8-FA58-4AAF-9634-812AC9F4F92C}"
EndProject
Global
	GlobalSection(SolutionConfigurationPlatforms) = preSolution
		Debug|Any CPU = Debug|Any CPU
		Release|Any CPU = Release|Any CPU
	EndGlobalSection
	GlobalSection(ProjectConfigurationPlatforms) = postSolution
		{7ABEBDA8-FA58-4AAF-9634-812AC9F4F92C}.Debug|Any CPU.ActiveCfg = Debug|Any CPU
		{7ABEBDA8-FA58-4AAF-9634-812AC9F4F92C}.Debug|Any CPU.Build.0 = Debug|Any CPU
		{7ABEBDA8-FA58-4AAF-9634-812AC9F4F92C}.Release|Any CPU.ActiveCfg = Release|Any CPU
		{7ABEBDA8-FA58-4AAF-9634-812AC9F4F92C}.Release|Any CPU.Build.0 = Release|Any CPU
	EndGlobalSection
	GlobalSection(SolutionProperties) = preSolution
		HideSolutionNode = FALSE
	EndGlobalSection
	GlobalSection(ExtensibilityGlobals) = postSolution
		SolutionGuid = {A5FC7ECD-1DA9-41AA-BBE6-5C72E82D8799}
	EndGlobalSection
EndGlobal
